
Microsoft Visual Studio Solution File, Format Version 12.00
# Visual Studio Version 17
VisualStudioVersion = 17.2.32505.173
MinimumVisualStudioVersion = 10.0.40219.1
Project("{FAE04EC0-301F-11D3-BF4B-00C04F79EFBC}") = "LabRab7", "LabRab7.csproj", "{CE6AE0AC-E06F-49BF-821C-0273238A4AAD}"
EndProject
Global
	GlobalSection(SolutionConfigurationPlatforms) = preSolution
		Debug|Any CPU = Debug|Any CPU
		Release|Any CPU = Release|Any CPU
	EndGlobalSection
	GlobalSection(ProjectConfigurationPlatforms) = postSolution
		{CE6AE0AC-E06F-49BF-821C-0273238A4AAD}.Debug|Any CPU.ActiveCfg = Debug|Any CPU
		{CE6AE0AC-E06F-49BF-821C-0273238A4AAD}.Debug|Any CPU.Build.0 = Debug|Any CPU
		{CE6AE0AC-E06F-49BF-821C-0273238A4AAD}.Release|Any CPU.ActiveCfg = Release|Any CPU
		{CE6AE0AC-E06F-49BF-821C-0273238A4AAD}.Release|Any CPU.Build.0 = Release|Any CPU
	EndGlobalSection
	GlobalSection(SolutionProperties) = preSolution
		HideSolutionNode = FALSE
	EndGlobalSection
	GlobalSection(ExtensibilityGlobals) = postSolution
		SolutionGuid = {61B78DCD-06A6-4F9B-AA2A-D1970ACC343C}
	EndGlobalSection
EndGlobal
